
Microsoft Visual Studio Solution File, Format Version 12.00
# Visual Studio Version 16
VisualStudioVersion = 16.0.32228.343
MinimumVisualStudioVersion = 10.0.40219.1
Project("{9A19103F-16F7-4668-BE54-9A1E7A4F7556}") = "mediaappkt", "mediaappkt.csproj", "{444EA4B0-B846-43B5-980C-6F45C9F55D29}"
EndProject
Global
	GlobalSection(SolutionConfigurationPlatforms) = preSolution
		Debug|Any CPU = Debug|Any CPU
		Release|Any CPU = Release|Any CPU
	EndGlobalSection
	GlobalSection(ProjectConfigurationPlatforms) = postSolution
		{444EA4B0-B846-43B5-980C-6F45C9F55D29}.Debug|Any CPU.ActiveCfg = Debug|Any CPU
		{444EA4B0-B846-43B5-980C-6F45C9F55D29}.Debug|Any CPU.Build.0 = Debug|Any CPU
		{444EA4B0-B846-43B5-980C-6F45C9F55D29}.Release|Any CPU.ActiveCfg = Release|Any CPU
		{444EA4B0-B846-43B5-980C-6F45C9F55D29}.Release|Any CPU.Build.0 = Release|Any CPU
	EndGlobalSection
	GlobalSection(SolutionProperties) = preSolution
		HideSolutionNode = FALSE
	EndGlobalSection
	GlobalSection(ExtensibilityGlobals) = postSolution
		SolutionGuid = {E6D7F52F-506C-4E62-BFB5-432EE2378205}
	EndGlobalSection
EndGlobal
